
Microsoft Visual Studio Solution File, Format Version 12.00
# Visual Studio 15
VisualStudioVersion = 15.0.27428.2027
MinimumVisualStudioVersion = 10.0.40219.1
Project("{FAE04EC0-301F-11D3-BF4B-00C04F79EFBC}") = "Assembly Printout", "Assembly Printout.csproj", "{96CB7365-0EDE-4C32-A4A6-AD7A92F07A03}"
EndProject
Global
	GlobalSection(SolutionConfigurationPlatforms) = preSolution
		Debug|Any CPU = Debug|Any CPU
		Release|Any CPU = Release|Any CPU
	EndGlobalSection
	GlobalSection(ProjectConfigurationPlatforms) = postSolution
		{96CB7365-0EDE-4C32-A4A6-AD7A92F07A03}.Debug|Any CPU.ActiveCfg = Debug|Any CPU
		{96CB7365-0EDE-4C32-A4A6-AD7A92F07A03}.Debug|Any CPU.Build.0 = Debug|Any CPU
		{96CB7365-0EDE-4C32-A4A6-AD7A92F07A03}.Release|Any CPU.ActiveCfg = Release|Any CPU
		{96CB7365-0EDE-4C32-A4A6-AD7A92F07A03}.Release|Any CPU.Build.0 = Release|Any CPU
	EndGlobalSection
	GlobalSection(SolutionProperties) = preSolution
		HideSolutionNode = FALSE
	EndGlobalSection
	GlobalSection(ExtensibilityGlobals) = postSolution
		SolutionGuid = {E0A53C99-8939-48EC-A0E1-669230EB9ADC}
	EndGlobalSection
EndGlobal
